// !$*UTF8*$!
{
	archiveVersion = 1;
	classes = {
	};
	objectVersion = 46;
	objects = {

/* Begin PBXBuildFile section */
		EF5A21C31532B87F000633A5 /* UIKit.framework in Frameworks */ = {isa = PBXBuildFile; fileRef = EF5A21C21532B87F000633A5 /* UIKit.framework */; };
		EF5A21C51532B87F000633A5 /* Foundation.framework in Frameworks */ = {isa = PBXBuildFile; fileRef = EF5A21C41532B87F000633A5 /* Foundation.framework */; };
		EF5A21C71532B87F000633A5 /* CoreGraphics.framework in Frameworks */ = {isa = PBXBuildFile; fileRef = EF5A21C61532B87F000633A5 /* CoreGraphics.framework */; };
		EF5A21CD1532B87F000633A5 /* InfoPlist.strings in Resources */ = {isa = PBXBuildFile; fileRef = EF5A21CB1532B87F000633A5 /* InfoPlist.strings */; };
		EF5A21CF1532B87F000633A5 /* main.m in Sources */ = {isa = PBXBuildFile; fileRef = EF5A21CE1532B87F000633A5 /* main.m */; };
		EF5A21D31532B87F000633A5 /* AppDelegate.m in Sources */ = {isa = PBXBuildFile; fileRef = EF5A21D21532B87F000633A5 /* AppDelegate.m */; };
		EF5A21D61532B87F000633A5 /* ViewController.m in Sources */ = {isa = PBXBuildFile; fileRef = EF5A21D51532B87F000633A5 /* ViewController.m */; };
		EF5A21D91532B87F000633A5 /* ViewController_iPhone.xib in Resources */ = {isa = PBXBuildFile; fileRef = EF5A21D71532B87F000633A5 /* ViewController_iPhone.xib */; };
		EF5A21DC1532B87F000633A5 /* ViewController_iPad.xib in Resources */ = {isa = PBXBuildFile; fileRef = EF5A21DA1532B87F000633A5 /* ViewController_iPad.xib */; };
/* End PBXBuildFile section */

/* Begin PBXFileReference section */
		EF5A21BE1532B87F000633A5 /* TestGit.app */ = {isa = PBXFileReference; explicitFileType = wrapper.application; includeInIndex = 0; path = TestGit.app; sourceTree = BUILT_PRODUCTS_DIR; };
		EF5A21C21532B87F000633A5 /* UIKit.framework */ = {isa = PBXFileReference; lastKnownFileType = wrapper.framework; name = UIKit.framework; path = System/Library/Frameworks/UIKit.framework; sourceTree = SDKROOT; };
		EF5A21C41532B87F000633A5 /* Foundation.framework */ = {isa = PBXFileReference; lastKnownFileType = wrapper.framework; name = Foundation.framework; path = System/Library/Frameworks/Foundation.framework; sourceTree = SDKROOT; };
		EF5A21C61532B87F000633A5 /* CoreGraphics.framework */ = {isa = PBXFileReference; lastKnownFileType = wrapper.framework; name = CoreGraphics.framework; path = System/Library/Frameworks/CoreGraphics.framework; sourceTree = SDKROOT; };
		EF5A21CA1532B87F000633A5 /* TestGit-Info.plist */ = {isa = PBXFileReference; lastKnownFileType = text.plist.xml; path = "TestGit-Info.plist"; sourceTree = "<group>"; };
		EF5A21CC1532B87F000633A5 /* en */ = {isa = PBXFileReference; lastKnownFileType = text.plist.strings; name = en; path = en.lproj/InfoPlist.strings; sourceTree = "<group>"; };
		EF5A21CE1532B87F000633A5 /* main.m */ = {isa = PBXFileReference; lastKnownFileType = sourcecode.c.objc; path = main.m; sourceTree = "<group>"; };
		EF5A21D01532B87F000633A5 /* TestGit-Prefix.pch */ = {isa = PBXFileReference; lastKnownFileType = sourcecode.c.h; path = "TestGit-Prefix.pch"; sourceTree = "<group>"; };
		EF5A21D11532B87F000633A5 /* AppDelegate.h */ = {isa = PBXFileReference; lastKnownFileType = sourcecode.c.h; path = AppDelegate.h; sourceTree = "<group>"; };
		EF5A21D21532B87F000633A5 /* AppDelegate.m */ = {isa = PBXFileReference; lastKnownFileType = sourcecode.c.objc; path = AppDelegate.m; sourceTree = "<group>"; };
		EF5A21D41532B87F000633A5 /* ViewController.h */ = {isa = PBXFileReference; lastKnownFileType = sourcecode.c.h; path = ViewController.h; sourceTree = "<group>"; };
		EF5A21D51532B87F000633A5 /* ViewController.m */ = {isa = PBXFileReference; lastKnownFileType = sourcecode.c.objc; path = ViewController.m; sourceTree = "<group>"; };
		EF5A21D81532B87F000633A5 /* en */ = {isa = PBXFileReference; lastKnownFileType = file.xib; name = en; path = en.lproj/ViewController_iPhone.xib; sourceTree = "<group>"; };
		EF5A21DB1532B87F000633A5 /* en */ = {isa = PBXFileReference; lastKnownFileType = file.xib; name = en; path = en.lproj/ViewController_iPad.xib; sourceTree = "<group>"; };
/* End PBXFileReference section */

/* Begin PBXFrameworksBuildPhase section */
		EF5A21BB1532B87E000633A5 /* Frameworks */ = {
			isa = PBXFrameworksBuildPhase;
			buildActionMask = 2147483647;
			files = (
				EF5A21C31532B87F000633A5 /* UIKit.framework in Frameworks */,
				EF5A21C51532B87F000633A5 /* Foundation.framework in Frameworks */,
				EF5A21C71532B87F000633A5 /* CoreGraphics.framework in Frameworks */,
			);
			runOnlyForDeploymentPostprocessing = 0;
		};
/* End PBXFrameworksBuildPhase section */

/* Begin PBXGroup section */
		EF5A21B31532B87D000633A5 = {
			isa = PBXGroup;
			children = (
				EF5A21C81532B87F000633A5 /* TestGit */,
				EF5A21C11532B87F000633A5 /* Frameworks */,
				EF5A21BF1532B87F000633A5 /* Products */,
			);
			sourceTree = "<group>";
		};
		EF5A21BF1532B87F000633A5 /* Products */ = {
			isa = PBXGroup;
			children = (
				EF5A21BE1532B87F000633A5 /* TestGit.app */,
			);
			name = Products;
			sourceTree = "<group>";
		};
		EF5A21C11532B87F000633A5 /* Frameworks */ = {
			isa = PBXGroup;
			children = (
				EF5A21C21532B87F000633A5 /* UIKit.framework */,
				EF5A21C41532B87F000633A5 /* Foundation.framework */,
				EF5A21C61532B87F000633A5 /* CoreGraphics.framework */,
			);
			name = Frameworks;
			sourceTree = "<group>";
		};
		EF5A21C81532B87F000633A5 /* TestGit */ = {
			isa = PBXGroup;
			children = (
				EF5A21D11532B87F000633A5 /* AppDelegate.h */,
				EF5A21D21532B87F000633A5 /* AppDelegate.m */,
				EF5A21D41532B87F000633A5 /* ViewController.h */,
				EF5A21D51532B87F000633A5 /* ViewController.m */,
				EF5A21D71532B87F000633A5 /* ViewController_iPhone.xib */,
				EF5A21DA1532B87F000633A5 /* ViewController_iPad.xib */,
				EF5A21C91532B87F000633A5 /* Supporting Files */,
			);
			path = TestGit;
			sourceTree = "<group>";
		};
		EF5A21C91532B87F000633A5 /* Supporting Files */ = {
			isa = PBXGroup;
			children = (
				EF5A21CA1532B87F000633A5 /* TestGit-Info.plist */,
				EF5A21CB1532B87F000633A5 /* InfoPlist.strings */,
				EF5A21CE1532B87F000633A5 /* main.m */,
				EF5A21D01532B87F000633A5 /* TestGit-Prefix.pch */,
			);
			name = "Supporting Files";
			sourceTree = "<group>";
		};
/* End PBXGroup section */

/* Begin PBXNativeTarget section */
		EF5A21BD1532B87E000633A5 /* TestGit */ = {
			isa = PBXNativeTarget;
			buildConfigurationList = EF5A21DF1532B87F000633A5 /* Build configuration list for PBXNativeTarget "TestGit" */;
			buildPhases = (
				EF5A21BA1532B87E000633A5 /* Sources */,
				EF5A21BB1532B87E000633A5 /* Frameworks */,
				EF5A21BC1532B87E000633A5 /* Resources */,
			);
			buildRules = (
			);
			dependencies = (
			);
			name = TestGit;
			productName = TestGit;
			productReference = EF5A21BE1532B87F000633A5 /* TestGit.app */;
			productType = "com.apple.product-type.application";
		};
/* End PBXNativeTarget section */

/* Begin PBXProject section */
		EF5A21B51532B87D000633A5 /* Project object */ = {
			isa = PBXProject;
			attributes = {
				LastUpgradeCheck = 0420;
			};
			buildConfigurationList = EF5A21B81532B87D000633A5 /* Build configuration list for PBXProject "TestGit" */;
			compatibilityVersion = "Xcode 3.2";
			developmentRegion = English;
			hasScannedForEncodings = 0;
			knownRegions = (
				en,
			);
			mainGroup = EF5A21B31532B87D000633A5;
			productRefGroup = EF5A21BF1532B87F000633A5 /* Products */;
			projectDirPath = "";
			projectRoot = "";
			targets = (
				EF5A21BD1532B87E000633A5 /* TestGit */,
			);
		};
/* End PBXProject section */

/* Begin PBXResourcesBuildPhase section */
		EF5A21BC1532B87E000633A5 /* Resources */ = {
			isa = PBXResourcesBuildPhase;
			buildActionMask = 2147483647;
			files = (
				EF5A21CD1532B87F000633A5 /* InfoPlist.strings in Resources */,
				EF5A21D91532B87F000633A5 /* ViewController_iPhone.xib in Resources */,
				EF5A21DC1532B87F000633A5 /* ViewController_iPad.xib in Resources */,
			);
			runOnlyForDeploymentPostprocessing = 0;
		};
/* End PBXResourcesBuildPhase section */

/* Begin PBXSourcesBuildPhase section */
		EF5A21BA1532B87E000633A5 /* Sources */ = {
			isa = PBXSourcesBuildPhase;
			buildActionMask = 2147483647;
			files = (
				EF5A21CF1532B87F000633A5 /* main.m in Sources */,
				EF5A21D31532B87F000633A5 /* AppDelegate.m in Sources */,
				EF5A21D61532B87F000633A5 /* ViewController.m in Sources */,
			);
			runOnlyForDeploymentPostprocessing = 0;
		};
/* End PBXSourcesBuildPhase section */

/* Begin PBXVariantGroup section */
		EF5A21CB1532B87F000633A5 /* InfoPlist.strings */ = {
			isa = PBXVariantGroup;
			children = (
				EF5A21CC1532B87F000633A5 /* en */,
			);
			name = InfoPlist.strings;
			sourceTree = "<group>";
		};
		EF5A21D71532B87F000633A5 /* ViewController_iPhone.xib */ = {
			isa = PBXVariantGroup;
			children = (
				EF5A21D81532B87F000633A5 /* en */,
			);
			name = ViewController_iPhone.xib;
			sourceTree = "<group>";
		};
		EF5A21DA1532B87F000633A5 /* ViewController_iPad.xib */ = {
			isa = PBXVariantGroup;
			children = (
				EF5A21DB1532B87F000633A5 /* en */,
			);
			name = ViewController_iPad.xib;
			sourceTree = "<group>";
		};
/* End PBXVariantGroup section */

/* Begin XCBuildConfiguration section */
		EF5A21DD1532B87F000633A5 /* Debug */ = {
			isa = XCBuildConfiguration;
			buildSettings = {
				ALWAYS_SEARCH_USER_PATHS = NO;
				ARCHS = "$(ARCHS_STANDARD_32_BIT)";
				"CODE_SIGN_IDENTITY[sdk=iphoneos*]" = "iPhone Developer";
				COPY_PHASE_STRIP = NO;
				GCC_C_LANGUAGE_STANDARD = gnu99;
				GCC_DYNAMIC_NO_PIC = NO;
				GCC_OPTIMIZATION_LEVEL = 0;
				GCC_PREPROCESSOR_DEFINITIONS = (
					"DEBUG=1",
					"$(inherited)",
				);
				GCC_SYMBOLS_PRIVATE_EXTERN = NO;
				GCC_VERSION = com.apple.compilers.llvm.clang.1_0;
				GCC_WARN_ABOUT_MISSING_PROTOTYPES = YES;
				GCC_WARN_ABOUT_RETURN_TYPE = YES;
				GCC_WARN_UNUSED_VARIABLE = YES;
				IPHONEOS_DEPLOYMENT_TARGET = 5.0;
				SDKROOT = iphoneos;
				TARGETED_DEVICE_FAMILY = "1,2";
			};
			name = Debug;
		};
		EF5A21DE1532B87F000633A5 /* Release */ = {
			isa = XCBuildConfiguration;
			buildSettings = {
				ALWAYS_SEARCH_USER_PATHS = NO;
				ARCHS = "$(ARCHS_STANDARD_32_BIT)";
				"CODE_SIGN_IDENTITY[sdk=iphoneos*]" = "iPhone Developer";
				COPY_PHASE_STRIP = YES;
				GCC_C_LANGUAGE_STANDARD = gnu99;
				GCC_VERSION = com.apple.compilers.llvm.clang.1_0;
				GCC_WARN_ABOUT_MISSING_PROTOTYPES = YES;
				GCC_WARN_ABOUT_RETURN_TYPE = YES;
				GCC_WARN_UNUSED_VARIABLE = YES;
				IPHONEOS_DEPLOYMENT_TARGET = 5.0;
				OTHER_CFLAGS = "-DNS_BLOCK_ASSERTIONS=1";
				SDKROOT = iphoneos;
				TARGETED_DEVICE_FAMILY = "1,2";
				VALIDATE_PRODUCT = YES;
			};
			name = Release;
		};
		EF5A21E01532B87F000633A5 /* Debug */ = {
			isa = XCBuildConfiguration;
			buildSettings = {
				GCC_PRECOMPILE_PREFIX_HEADER = YES;
				GCC_PREFIX_HEADER = "TestGit/TestGit-Prefix.pch";
				INFOPLIST_FILE = "TestGit/TestGit-Info.plist";
				PRODUCT_NAME = "$(TARGET_NAME)";
				WRAPPER_EXTENSION = app;
			};
			name = Debug;
		};
		EF5A21E11532B87F000633A5 /* Release */ = {
			isa = XCBuildConfiguration;
			buildSettings = {
				GCC_PRECOMPILE_PREFIX_HEADER = YES;
				GCC_PREFIX_HEADER = "TestGit/TestGit-Prefix.pch";
				INFOPLIST_FILE = "TestGit/TestGit-Info.plist";
				PRODUCT_NAME = "$(TARGET_NAME)";
				WRAPPER_EXTENSION = app;
			};
			name = Release;
		};
/* End XCBuildConfiguration section */

/* Begin XCConfigurationList section */
		EF5A21B81532B87D000633A5 /* Build configuration list for PBXProject "TestGit" */ = {
			isa = XCConfigurationList;
			buildConfigurations = (
				EF5A21DD1532B87F000633A5 /* Debug */,
				EF5A21DE1532B87F000633A5 /* Release */,
			);
			defaultConfigurationIsVisible = 0;
			defaultConfigurationName = Release;
		};
		EF5A21DF1532B87F000633A5 /* Build configuration list for PBXNativeTarget "TestGit" */ = {
			isa = XCConfigurationList;
			buildConfigurations = (
				EF5A21E01532B87F000633A5 /* Debug */,
				EF5A21E11532B87F000633A5 /* Release */,
			);
			defaultConfigurationIsVisible = 0;
		};
/* End XCConfigurationList section */
	};
	rootObject = EF5A21B51532B87D000633A5 /* Project object */;
}
